
Microsoft Visual Studio Solution File, Format Version 12.00
# Visual Studio 15
VisualStudioVersion = 15.0.27130.2020
MinimumVisualStudioVersion = 10.0.40219.1
Project("{FAE04EC0-301F-11D3-BF4B-00C04F79EFBC}") = "DotaCheat", "DotaCheat\DotaCheat.csproj", "{44DA3663-C3F0-4EDD-A7BB-D920CF7205FC}"
EndProject
Global
	GlobalSection(SolutionConfigurationPlatforms) = preSolution
		Debug|Any CPU = Debug|Any CPU
		Release|Any CPU = Release|Any CPU
	EndGlobalSection
	GlobalSection(ProjectConfigurationPlatforms) = postSolution
		{44DA3663-C3F0-4EDD-A7BB-D920CF7205FC}.Debug|Any CPU.ActiveCfg = Debug|Any CPU
		{44DA3663-C3F0-4EDD-A7BB-D920CF7205FC}.Debug|Any CPU.Build.0 = Debug|Any CPU
		{44DA3663-C3F0-4EDD-A7BB-D920CF7205FC}.Release|Any CPU.ActiveCfg = Release|Any CPU
		{44DA3663-C3F0-4EDD-A7BB-D920CF7205FC}.Release|Any CPU.Build.0 = Release|Any CPU
	EndGlobalSection
	GlobalSection(SolutionProperties) = preSolution
		HideSolutionNode = FALSE
	EndGlobalSection
	GlobalSection(ExtensibilityGlobals) = postSolution
		SolutionGuid = {7FEAA253-C79F-46F8-BD54-DADC56749D2A}
	EndGlobalSection
EndGlobal
